
Microsoft Visual Studio Solution File, Format Version 12.00
Project("{FAE04EC0-301F-11D3-BF4B-00C04F79EFBC}") = "LR2 2021.03.18", "LR2 2021.03.18.csproj", "{9AD0914D-3E00-47D2-A1AE-6BCBBA261153}"
EndProject
Global
	GlobalSection(SolutionConfigurationPlatforms) = preSolution
		Debug|Any CPU = Debug|Any CPU
		Release|Any CPU = Release|Any CPU
	EndGlobalSection
	GlobalSection(ProjectConfigurationPlatforms) = postSolution
		{9AD0914D-3E00-47D2-A1AE-6BCBBA261153}.Debug|Any CPU.ActiveCfg = Debug|Any CPU
		{9AD0914D-3E00-47D2-A1AE-6BCBBA261153}.Debug|Any CPU.Build.0 = Debug|Any CPU
		{9AD0914D-3E00-47D2-A1AE-6BCBBA261153}.Release|Any CPU.ActiveCfg = Release|Any CPU
		{9AD0914D-3E00-47D2-A1AE-6BCBBA261153}.Release|Any CPU.Build.0 = Release|Any CPU
	EndGlobalSection
EndGlobal
