
Microsoft Visual Studio Solution File, Format Version 12.00
Project("{FAE04EC0-301F-11D3-BF4B-00C04F79EFBC}") = "LR1_2021.02.15", "LR1_2021.02.15.csproj", "{A5A1E05D-D73E-4FAB-AA31-50684472AA1A}"
EndProject
Global
	GlobalSection(SolutionConfigurationPlatforms) = preSolution
		Debug|Any CPU = Debug|Any CPU
		Release|Any CPU = Release|Any CPU
	EndGlobalSection
	GlobalSection(ProjectConfigurationPlatforms) = postSolution
		{A5A1E05D-D73E-4FAB-AA31-50684472AA1A}.Debug|Any CPU.ActiveCfg = Debug|Any CPU
		{A5A1E05D-D73E-4FAB-AA31-50684472AA1A}.Debug|Any CPU.Build.0 = Debug|Any CPU
		{A5A1E05D-D73E-4FAB-AA31-50684472AA1A}.Release|Any CPU.ActiveCfg = Release|Any CPU
		{A5A1E05D-D73E-4FAB-AA31-50684472AA1A}.Release|Any CPU.Build.0 = Release|Any CPU
	EndGlobalSection
EndGlobal
