
Microsoft Visual Studio Solution File, Format Version 12.00
Project("{FAE04EC0-301F-11D3-BF4B-00C04F79EFBC}") = "GetHexadecimalNumbers", "GetHexadecimalNumbers.csproj", "{39EF0192-2A03-4CBD-9648-76855FCCD89C}"
EndProject
Global
	GlobalSection(SolutionConfigurationPlatforms) = preSolution
		Debug|Any CPU = Debug|Any CPU
		Release|Any CPU = Release|Any CPU
	EndGlobalSection
	GlobalSection(ProjectConfigurationPlatforms) = postSolution
		{39EF0192-2A03-4CBD-9648-76855FCCD89C}.Debug|Any CPU.ActiveCfg = Debug|Any CPU
		{39EF0192-2A03-4CBD-9648-76855FCCD89C}.Debug|Any CPU.Build.0 = Debug|Any CPU
		{39EF0192-2A03-4CBD-9648-76855FCCD89C}.Release|Any CPU.ActiveCfg = Release|Any CPU
		{39EF0192-2A03-4CBD-9648-76855FCCD89C}.Release|Any CPU.Build.0 = Release|Any CPU
	EndGlobalSection
EndGlobal
